
Microsoft Visual Studio Solution File, Format Version 12.00
# Visual Studio Version 16
VisualStudioVersion = 16.0.29001.49
MinimumVisualStudioVersion = 10.0.40219.1
Project("{FAE04EC0-301F-11D3-BF4B-00C04F79EFBC}") = "WindowsFormsApp1", "WindowsFormsApp1\WindowsFormsApp1.csproj", "{BB74EB0E-0253-47ED-B250-E0650F070CF9}"
EndProject
Global
	GlobalSection(SolutionConfigurationPlatforms) = preSolution
		Debug|Any CPU = Debug|Any CPU
		Release|Any CPU = Release|Any CPU
	EndGlobalSection
	GlobalSection(ProjectConfigurationPlatforms) = postSolution
		{BB74EB0E-0253-47ED-B250-E0650F070CF9}.Debug|Any CPU.ActiveCfg = Debug|Any CPU
		{BB74EB0E-0253-47ED-B250-E0650F070CF9}.Debug|Any CPU.Build.0 = Debug|Any CPU
		{BB74EB0E-0253-47ED-B250-E0650F070CF9}.Release|Any CPU.ActiveCfg = Release|Any CPU
		{BB74EB0E-0253-47ED-B250-E0650F070CF9}.Release|Any CPU.Build.0 = Release|Any CPU
	EndGlobalSection
	GlobalSection(SolutionProperties) = preSolution
		HideSolutionNode = FALSE
	EndGlobalSection
	GlobalSection(ExtensibilityGlobals) = postSolution
		SolutionGuid = {031B49CE-75AF-4EEA-B06D-BC14128B25BB}
	EndGlobalSection
EndGlobal
